
Microsoft Visual Studio Solution File, Format Version 12.00
# Visual Studio Version 16
VisualStudioVersion = 16.0.29806.167
MinimumVisualStudioVersion = 10.0.40219.1
Project("{FAE04EC0-301F-11D3-BF4B-00C04F79EFBC}") = "TactileGame", "TactileGame\TactileGame\TactileGame.csproj", "{0EEDDACE-B5BB-4136-8283-29529A8A02BB}"
EndProject
Project("{FAE04EC0-301F-11D3-BF4B-00C04F79EFBC}") = "TactileGameContent", "TactileGame\TactileGameContent\TactileGameContent.contentproj", "{3B113AA2-92B6-42D4-AD75-C78052A6163F}"
EndProject
Project("{FAE04EC0-301F-11D3-BF4B-00C04F79EFBC}") = "TactileLibrary", "TactileLibrary\TactileLibrary.csproj", "{9A516E53-B277-4A47-B2BF-BBD2E67D08FD}"
EndProject
Project("{FAE04EC0-301F-11D3-BF4B-00C04F79EFBC}") = "Tactile", "Tactile\Tactile.csproj", "{8B5FEEE2-ABF5-44F0-9431-000A1F61C8A8}"
EndProject
Project("{FAE04EC0-301F-11D3-BF4B-00C04F79EFBC}") = "TactileConfig", "TactileConfig\TactileConfig.csproj", "{35A635FD-7621-4DB8-AEF1-DCAB317198C0}"
EndProject
Project("{FAE04EC0-301F-11D3-BF4B-00C04F79EFBC}") = "ContentWriterExtension", "ContentWriterExtension\ContentWriterExtension.csproj", "{76460235-460A-4EFC-A92E-D074CB280804}"
EndProject
Project("{FAE04EC0-301F-11D3-BF4B-00C04F79EFBC}") = "ContentManifestExtensions", "..\TactileSharedLibraries\ContentManifestExtensions\ContentManifestExtensions.csproj", "{F4CDBC64-A84A-41CD-A941-418B67578AF7}"
EndProject
Project("{FAE04EC0-301F-11D3-BF4B-00C04F79EFBC}") = "NVorbis", "..\TactileSharedLibraries\NVorbis\NVorbis.csproj", "{A372E591-DFEF-49C4-9C82-98C4361EFCCD}"
EndProject
Global
	GlobalSection(SolutionConfigurationPlatforms) = preSolution
		Debug|Any CPU = Debug|Any CPU
		Debug|Mixed Platforms = Debug|Mixed Platforms
		Debug|x86 = Debug|x86
		Debug|Xbox 360 = Debug|Xbox 360
		DebugPipeline|Any CPU = DebugPipeline|Any CPU
		DebugPipeline|Mixed Platforms = DebugPipeline|Mixed Platforms
		DebugPipeline|x86 = DebugPipeline|x86
		DebugPipeline|Xbox 360 = DebugPipeline|Xbox 360
		PreRelease|Any CPU = PreRelease|Any CPU
		PreRelease|Mixed Platforms = PreRelease|Mixed Platforms
		PreRelease|x86 = PreRelease|x86
		PreRelease|Xbox 360 = PreRelease|Xbox 360
		Release|Any CPU = Release|Any CPU
		Release|Mixed Platforms = Release|Mixed Platforms
		Release|x86 = Release|x86
		Release|Xbox 360 = Release|Xbox 360
	EndGlobalSection
	GlobalSection(ProjectConfigurationPlatforms) = postSolution
		{0EEDDACE-B5BB-4136-8283-29529A8A02BB}.Debug|Any CPU.ActiveCfg = Debug|x86
		{0EEDDACE-B5BB-4136-8283-29529A8A02BB}.Debug|Any CPU.Build.0 = Debug|x86
		{0EEDDACE-B5BB-4136-8283-29529A8A02BB}.Debug|Mixed Platforms.ActiveCfg = Debug|x86
		{0EEDDACE-B5BB-4136-8283-29529A8A02BB}.Debug|Mixed Platforms.Build.0 = Debug|x86
		{0EEDDACE-B5BB-4136-8283-29529A8A02BB}.Debug|x86.ActiveCfg = Debug|x86
		{0EEDDACE-B5BB-4136-8283-29529A8A02BB}.Debug|x86.Build.0 = Debug|x86
		{0EEDDACE-B5BB-4136-8283-29529A8A02BB}.Debug|Xbox 360.ActiveCfg = Debug|x86
		{0EEDDACE-B5BB-4136-8283-29529A8A02BB}.Debug|Xbox 360.Build.0 = Debug|x86
		{0EEDDACE-B5BB-4136-8283-29529A8A02BB}.DebugPipeline|Any CPU.ActiveCfg = Debug|x86
		{0EEDDACE-B5BB-4136-8283-29529A8A02BB}.DebugPipeline|Mixed Platforms.ActiveCfg = Debug|x86
		{0EEDDACE-B5BB-4136-8283-29529A8A02BB}.DebugPipeline|Mixed Platforms.Build.0 = Debug|x86
		{0EEDDACE-B5BB-4136-8283-29529A8A02BB}.DebugPipeline|x86.ActiveCfg = Debug|x86
		{0EEDDACE-B5BB-4136-8283-29529A8A02BB}.DebugPipeline|Xbox 360.ActiveCfg = Debug|x86
		{0EEDDACE-B5BB-4136-8283-29529A8A02BB}.PreRelease|Any CPU.ActiveCfg = PreRelease|x86
		{0EEDDACE-B5BB-4136-8283-29529A8A02BB}.PreRelease|Any CPU.Build.0 = PreRelease|x86
		{0EEDDACE-B5BB-4136-8283-29529A8A02BB}.PreRelease|Mixed Platforms.ActiveCfg = PreRelease|x86
		{0EEDDACE-B5BB-4136-8283-29529A8A02BB}.PreRelease|Mixed Platforms.Build.0 = PreRelease|x86
		{0EEDDACE-B5BB-4136-8283-29529A8A02BB}.PreRelease|x86.ActiveCfg = PreRelease|x86
		{0EEDDACE-B5BB-4136-8283-29529A8A02BB}.PreRelease|x86.Build.0 = PreRelease|x86
		{0EEDDACE-B5BB-4136-8283-29529A8A02BB}.PreRelease|Xbox 360.ActiveCfg = PreRelease|x86
		{0EEDDACE-B5BB-4136-8283-29529A8A02BB}.PreRelease|Xbox 360.Build.0 = PreRelease|x86
		{0EEDDACE-B5BB-4136-8283-29529A8A02BB}.Release|Any CPU.ActiveCfg = Release|x86
		{0EEDDACE-B5BB-4136-8283-29529A8A02BB}.Release|Any CPU.Build.0 = Release|x86
		{0EEDDACE-B5BB-4136-8283-29529A8A02BB}.Release|Mixed Platforms.ActiveCfg = Release|x86
		{0EEDDACE-B5BB-4136-8283-29529A8A02BB}.Release|Mixed Platforms.Build.0 = Release|x86
		{0EEDDACE-B5BB-4136-8283-29529A8A02BB}.Release|x86.ActiveCfg = Release|x86
		{0EEDDACE-B5BB-4136-8283-29529A8A02BB}.Release|x86.Build.0 = Release|x86
		{0EEDDACE-B5BB-4136-8283-29529A8A02BB}.Release|Xbox 360.ActiveCfg = Release|x86
		{0EEDDACE-B5BB-4136-8283-29529A8A02BB}.Release|Xbox 360.Build.0 = Release|x86
		{3B113AA2-92B6-42D4-AD75-C78052A6163F}.Debug|Any CPU.ActiveCfg = Debug|x86
		{3B113AA2-92B6-42D4-AD75-C78052A6163F}.Debug|Mixed Platforms.ActiveCfg = Debug|x86
		{3B113AA2-92B6-42D4-AD75-C78052A6163F}.Debug|x86.ActiveCfg = Debug|x86
		{3B113AA2-92B6-42D4-AD75-C78052A6163F}.Debug|Xbox 360.ActiveCfg = Debug|x86
		{3B113AA2-92B6-42D4-AD75-C78052A6163F}.DebugPipeline|Any CPU.ActiveCfg = Debug|x86
		{3B113AA2-92B6-42D4-AD75-C78052A6163F}.DebugPipeline|Mixed Platforms.ActiveCfg = Debug|x86
		{3B113AA2-92B6-42D4-AD75-C78052A6163F}.DebugPipeline|x86.ActiveCfg = Debug|x86
		{3B113AA2-92B6-42D4-AD75-C78052A6163F}.DebugPipeline|Xbox 360.ActiveCfg = Debug|x86
		{3B113AA2-92B6-42D4-AD75-C78052A6163F}.PreRelease|Any CPU.ActiveCfg = Release|x86
		{3B113AA2-92B6-42D4-AD75-C78052A6163F}.PreRelease|Mixed Platforms.ActiveCfg = Release|x86
		{3B113AA2-92B6-42D4-AD75-C78052A6163F}.PreRelease|x86.ActiveCfg = Release|x86
		{3B113AA2-92B6-42D4-AD75-C78052A6163F}.PreRelease|Xbox 360.ActiveCfg = Release|x86
		{3B113AA2-92B6-42D4-AD75-C78052A6163F}.Release|Any CPU.ActiveCfg = Release|x86
		{3B113AA2-92B6-42D4-AD75-C78052A6163F}.Release|Mixed Platforms.ActiveCfg = Release|x86
		{3B113AA2-92B6-42D4-AD75-C78052A6163F}.Release|x86.ActiveCfg = Release|x86
		{3B113AA2-92B6-42D4-AD75-C78052A6163F}.Release|Xbox 360.ActiveCfg = Release|x86
		{9A516E53-B277-4A47-B2BF-BBD2E67D08FD}.Debug|Any CPU.ActiveCfg = Debug|x86
		{9A516E53-B277-4A47-B2BF-BBD2E67D08FD}.Debug|Any CPU.Build.0 = Debug|x86
		{9A516E53-B277-4A47-B2BF-BBD2E67D08FD}.Debug|Mixed Platforms.ActiveCfg = Debug|x86
		{9A516E53-B277-4A47-B2BF-BBD2E67D08FD}.Debug|Mixed Platforms.Build.0 = Debug|x86
		{9A516E53-B277-4A47-B2BF-BBD2E67D08FD}.Debug|x86.ActiveCfg = Debug|x86
		{9A516E53-B277-4A47-B2BF-BBD2E67D08FD}.Debug|x86.Build.0 = Debug|x86
		{9A516E53-B277-4A47-B2BF-BBD2E67D08FD}.Debug|Xbox 360.ActiveCfg = Debug|x86
		{9A516E53-B277-4A47-B2BF-BBD2E67D08FD}.DebugPipeline|Any CPU.ActiveCfg = Debug|x86
		{9A516E53-B277-4A47-B2BF-BBD2E67D08FD}.DebugPipeline|Mixed Platforms.ActiveCfg = Debug|x86
		{9A516E53-B277-4A47-B2BF-BBD2E67D08FD}.DebugPipeline|Mixed Platforms.Build.0 = Debug|x86
		{9A516E53-B277-4A47-B2BF-BBD2E67D08FD}.DebugPipeline|x86.ActiveCfg = Debug|x86
		{9A516E53-B277-4A47-B2BF-BBD2E67D08FD}.DebugPipeline|x86.Build.0 = Debug|x86
		{9A516E53-B277-4A47-B2BF-BBD2E67D08FD}.DebugPipeline|Xbox 360.ActiveCfg = Debug|x86
		{9A516E53-B277-4A47-B2BF-BBD2E67D08FD}.PreRelease|Any CPU.ActiveCfg = Release|x86
		{9A516E53-B277-4A47-B2BF-BBD2E67D08FD}.PreRelease|Any CPU.Build.0 = Release|x86
		{9A516E53-B277-4A47-B2BF-BBD2E67D08FD}.PreRelease|Mixed Platforms.ActiveCfg = Release|x86
		{9A516E53-B277-4A47-B2BF-BBD2E67D08FD}.PreRelease|Mixed Platforms.Build.0 = Release|x86
		{9A516E53-B277-4A47-B2BF-BBD2E67D08FD}.PreRelease|x86.ActiveCfg = Release|x86
		{9A516E53-B277-4A47-B2BF-BBD2E67D08FD}.PreRelease|x86.Build.0 = Release|x86
		{9A516E53-B277-4A47-B2BF-BBD2E67D08FD}.PreRelease|Xbox 360.ActiveCfg = Release|x86
		{9A516E53-B277-4A47-B2BF-BBD2E67D08FD}.Release|Any CPU.ActiveCfg = Release|x86
		{9A516E53-B277-4A47-B2BF-BBD2E67D08FD}.Release|Any CPU.Build.0 = Release|x86
		{9A516E53-B277-4A47-B2BF-BBD2E67D08FD}.Release|Mixed Platforms.ActiveCfg = Release|x86
		{9A516E53-B277-4A47-B2BF-BBD2E67D08FD}.Release|Mixed Platforms.Build.0 = Release|x86
		{9A516E53-B277-4A47-B2BF-BBD2E67D08FD}.Release|x86.ActiveCfg = Release|x86
		{9A516E53-B277-4A47-B2BF-BBD2E67D08FD}.Release|x86.Build.0 = Release|x86
		{9A516E53-B277-4A47-B2BF-BBD2E67D08FD}.Release|Xbox 360.ActiveCfg = Release|x86
		{8B5FEEE2-ABF5-44F0-9431-000A1F61C8A8}.Debug|Any CPU.ActiveCfg = Debug|x86
		{8B5FEEE2-ABF5-44F0-9431-000A1F61C8A8}.Debug|Any CPU.Build.0 = Debug|x86
		{8B5FEEE2-ABF5-44F0-9431-000A1F61C8A8}.Debug|Mixed Platforms.ActiveCfg = Debug|x86
		{8B5FEEE2-ABF5-44F0-9431-000A1F61C8A8}.Debug|Mixed Platforms.Build.0 = Debug|x86
		{8B5FEEE2-ABF5-44F0-9431-000A1F61C8A8}.Debug|x86.ActiveCfg = Debug|x86
		{8B5FEEE2-ABF5-44F0-9431-000A1F61C8A8}.Debug|x86.Build.0 = Debug|x86
		{8B5FEEE2-ABF5-44F0-9431-000A1F61C8A8}.Debug|Xbox 360.ActiveCfg = Debug|x86
		{8B5FEEE2-ABF5-44F0-9431-000A1F61C8A8}.DebugPipeline|Any CPU.ActiveCfg = Debug|x86
		{8B5FEEE2-ABF5-44F0-9431-000A1F61C8A8}.DebugPipeline|Mixed Platforms.ActiveCfg = Debug|x86
		{8B5FEEE2-ABF5-44F0-9431-000A1F61C8A8}.DebugPipeline|Mixed Platforms.Build.0 = Debug|x86
		{8B5FEEE2-ABF5-44F0-9431-000A1F61C8A8}.DebugPipeline|x86.ActiveCfg = Debug|x86
		{8B5FEEE2-ABF5-44F0-9431-000A1F61C8A8}.DebugPipeline|x86.Build.0 = Debug|x86
		{8B5FEEE2-ABF5-44F0-9431-000A1F61C8A8}.DebugPipeline|Xbox 360.ActiveCfg = Debug|x86
		{8B5FEEE2-ABF5-44F0-9431-000A1F61C8A8}.PreRelease|Any CPU.ActiveCfg = PreRelease|x86
		{8B5FEEE2-ABF5-44F0-9431-000A1F61C8A8}.PreRelease|Any CPU.Build.0 = PreRelease|x86
		{8B5FEEE2-ABF5-44F0-9431-000A1F61C8A8}.PreRelease|Mixed Platforms.ActiveCfg = PreRelease|x86
		{8B5FEEE2-ABF5-44F0-9431-000A1F61C8A8}.PreRelease|Mixed Platforms.Build.0 = PreRelease|x86
		{8B5FEEE2-ABF5-44F0-9431-000A1F61C8A8}.PreRelease|x86.ActiveCfg = PreRelease|x86
		{8B5FEEE2-ABF5-44F0-9431-000A1F61C8A8}.PreRelease|x86.Build.0 = PreRelease|x86
		{8B5FEEE2-ABF5-44F0-9431-000A1F61C8A8}.PreRelease|Xbox 360.ActiveCfg = PreRelease|x86
		{8B5FEEE2-ABF5-44F0-9431-000A1F61C8A8}.Release|Any CPU.ActiveCfg = Release|x86
		{8B5FEEE2-ABF5-44F0-9431-000A1F61C8A8}.Release|Any CPU.Build.0 = Release|x86
		{8B5FEEE2-ABF5-44F0-9431-000A1F61C8A8}.Release|Mixed Platforms.ActiveCfg = Release|x86
		{8B5FEEE2-ABF5-44F0-9431-000A1F61C8A8}.Release|Mixed Platforms.Build.0 = Release|x86
		{8B5FEEE2-ABF5-44F0-9431-000A1F61C8A8}.Release|x86.ActiveCfg = Release|x86
		{8B5FEEE2-ABF5-44F0-9431-000A1F61C8A8}.Release|x86.Build.0 = Release|x86
		{8B5FEEE2-ABF5-44F0-9431-000A1F61C8A8}.Release|Xbox 360.ActiveCfg = Release|x86
		{35A635FD-7621-4DB8-AEF1-DCAB317198C0}.Debug|Any CPU.ActiveCfg = Debug|x86
		{35A635FD-7621-4DB8-AEF1-DCAB317198C0}.Debug|Any CPU.Build.0 = Debug|x86
		{35A635FD-7621-4DB8-AEF1-DCAB317198C0}.Debug|Mixed Platforms.ActiveCfg = Debug|x86
		{35A635FD-7621-4DB8-AEF1-DCAB317198C0}.Debug|Mixed Platforms.Build.0 = Debug|x86
		{35A635FD-7621-4DB8-AEF1-DCAB317198C0}.Debug|x86.ActiveCfg = Debug|x86
		{35A635FD-7621-4DB8-AEF1-DCAB317198C0}.Debug|x86.Build.0 = Debug|x86
		{35A635FD-7621-4DB8-AEF1-DCAB317198C0}.Debug|Xbox 360.ActiveCfg = Debug|x86
		{35A635FD-7621-4DB8-AEF1-DCAB317198C0}.DebugPipeline|Any CPU.ActiveCfg = Debug|x86
		{35A635FD-7621-4DB8-AEF1-DCAB317198C0}.DebugPipeline|Mixed Platforms.ActiveCfg = Debug|x86
		{35A635FD-7621-4DB8-AEF1-DCAB317198C0}.DebugPipeline|Mixed Platforms.Build.0 = Debug|x86
		{35A635FD-7621-4DB8-AEF1-DCAB317198C0}.DebugPipeline|x86.ActiveCfg = Debug|x86
		{35A635FD-7621-4DB8-AEF1-DCAB317198C0}.DebugPipeline|x86.Build.0 = Debug|x86
		{35A635FD-7621-4DB8-AEF1-DCAB317198C0}.DebugPipeline|Xbox 360.ActiveCfg = Debug|x86
		{35A635FD-7621-4DB8-AEF1-DCAB317198C0}.PreRelease|Any CPU.ActiveCfg = Release|x86
		{35A635FD-7621-4DB8-AEF1-DCAB317198C0}.PreRelease|Any CPU.Build.0 = Release|x86
		{35A635FD-7621-4DB8-AEF1-DCAB317198C0}.PreRelease|Mixed Platforms.ActiveCfg = Release|x86
		{35A635FD-7621-4DB8-AEF1-DCAB317198C0}.PreRelease|Mixed Platforms.Build.0 = Release|x86
		{35A635FD-7621-4DB8-AEF1-DCAB317198C0}.PreRelease|x86.ActiveCfg = Release|x86
		{35A635FD-7621-4DB8-AEF1-DCAB317198C0}.PreRelease|x86.Build.0 = Release|x86
		{35A635FD-7621-4DB8-AEF1-DCAB317198C0}.PreRelease|Xbox 360.ActiveCfg = Release|x86
		{35A635FD-7621-4DB8-AEF1-DCAB317198C0}.Release|Any CPU.ActiveCfg = Release|x86
		{35A635FD-7621-4DB8-AEF1-DCAB317198C0}.Release|Any CPU.Build.0 = Release|x86
		{35A635FD-7621-4DB8-AEF1-DCAB317198C0}.Release|Mixed Platforms.ActiveCfg = Release|x86
		{35A635FD-7621-4DB8-AEF1-DCAB317198C0}.Release|Mixed Platforms.Build.0 = Release|x86
		{35A635FD-7621-4DB8-AEF1-DCAB317198C0}.Release|x86.ActiveCfg = Release|x86
		{35A635FD-7621-4DB8-AEF1-DCAB317198C0}.Release|x86.Build.0 = Release|x86
		{35A635FD-7621-4DB8-AEF1-DCAB317198C0}.Release|Xbox 360.ActiveCfg = Release|x86
		{76460235-460A-4EFC-A92E-D074CB280804}.Debug|Any CPU.ActiveCfg = Debug|x86
		{76460235-460A-4EFC-A92E-D074CB280804}.Debug|Any CPU.Build.0 = Debug|x86
		{76460235-460A-4EFC-A92E-D074CB280804}.Debug|Mixed Platforms.ActiveCfg = Debug|x86
		{76460235-460A-4EFC-A92E-D074CB280804}.Debug|Mixed Platforms.Build.0 = Debug|x86
		{76460235-460A-4EFC-A92E-D074CB280804}.Debug|x86.ActiveCfg = Debug|x86
		{76460235-460A-4EFC-A92E-D074CB280804}.Debug|x86.Build.0 = Debug|x86
		{76460235-460A-4EFC-A92E-D074CB280804}.Debug|Xbox 360.ActiveCfg = Debug|x86
		{76460235-460A-4EFC-A92E-D074CB280804}.Debug|Xbox 360.Build.0 = Debug|x86
		{76460235-460A-4EFC-A92E-D074CB280804}.DebugPipeline|Any CPU.ActiveCfg = DebugPipeline|x86
		{76460235-460A-4EFC-A92E-D074CB280804}.DebugPipeline|Any CPU.Build.0 = DebugPipeline|x86
		{76460235-460A-4EFC-A92E-D074CB280804}.DebugPipeline|Mixed Platforms.ActiveCfg = DebugPipeline|x86
		{76460235-460A-4EFC-A92E-D074CB280804}.DebugPipeline|Mixed Platforms.Build.0 = DebugPipeline|x86
		{76460235-460A-4EFC-A92E-D074CB280804}.DebugPipeline|x86.ActiveCfg = DebugPipeline|x86
		{76460235-460A-4EFC-A92E-D074CB280804}.DebugPipeline|x86.Build.0 = DebugPipeline|x86
		{76460235-460A-4EFC-A92E-D074CB280804}.DebugPipeline|Xbox 360.ActiveCfg = DebugPipeline|x86
		{76460235-460A-4EFC-A92E-D074CB280804}.DebugPipeline|Xbox 360.Build.0 = DebugPipeline|x86
		{76460235-460A-4EFC-A92E-D074CB280804}.PreRelease|Any CPU.ActiveCfg = DebugPipeline|x86
		{76460235-460A-4EFC-A92E-D074CB280804}.PreRelease|Any CPU.Build.0 = DebugPipeline|x86
		{76460235-460A-4EFC-A92E-D074CB280804}.PreRelease|Mixed Platforms.ActiveCfg = DebugPipeline|x86
		{76460235-460A-4EFC-A92E-D074CB280804}.PreRelease|Mixed Platforms.Build.0 = DebugPipeline|x86
		{76460235-460A-4EFC-A92E-D074CB280804}.PreRelease|x86.ActiveCfg = DebugPipeline|x86
		{76460235-460A-4EFC-A92E-D074CB280804}.PreRelease|x86.Build.0 = DebugPipeline|x86
		{76460235-460A-4EFC-A92E-D074CB280804}.PreRelease|Xbox 360.ActiveCfg = DebugPipeline|x86
		{76460235-460A-4EFC-A92E-D074CB280804}.PreRelease|Xbox 360.Build.0 = DebugPipeline|x86
		{76460235-460A-4EFC-A92E-D074CB280804}.Release|Any CPU.ActiveCfg = DebugPipeline|x86
		{76460235-460A-4EFC-A92E-D074CB280804}.Release|Any CPU.Build.0 = DebugPipeline|x86
		{76460235-460A-4EFC-A92E-D074CB280804}.Release|Mixed Platforms.ActiveCfg = DebugPipeline|x86
		{76460235-460A-4EFC-A92E-D074CB280804}.Release|Mixed Platforms.Build.0 = DebugPipeline|x86
		{76460235-460A-4EFC-A92E-D074CB280804}.Release|x86.ActiveCfg = DebugPipeline|x86
		{76460235-460A-4EFC-A92E-D074CB280804}.Release|x86.Build.0 = DebugPipeline|x86
		{76460235-460A-4EFC-A92E-D074CB280804}.Release|Xbox 360.ActiveCfg = DebugPipeline|x86
		{76460235-460A-4EFC-A92E-D074CB280804}.Release|Xbox 360.Build.0 = DebugPipeline|x86
		{F4CDBC64-A84A-41CD-A941-418B67578AF7}.Debug|Any CPU.ActiveCfg = Debug|x86
		{F4CDBC64-A84A-41CD-A941-418B67578AF7}.Debug|Any CPU.Build.0 = Debug|x86
		{F4CDBC64-A84A-41CD-A941-418B67578AF7}.Debug|Mixed Platforms.ActiveCfg = Debug|x86
		{F4CDBC64-A84A-41CD-A941-418B67578AF7}.Debug|Mixed Platforms.Build.0 = Debug|x86
		{F4CDBC64-A84A-41CD-A941-418B67578AF7}.Debug|x86.ActiveCfg = Debug|x86
		{F4CDBC64-A84A-41CD-A941-418B67578AF7}.Debug|x86.Build.0 = Debug|x86
		{F4CDBC64-A84A-41CD-A941-418B67578AF7}.Debug|Xbox 360.ActiveCfg = Debug|x86
		{F4CDBC64-A84A-41CD-A941-418B67578AF7}.Debug|Xbox 360.Build.0 = Debug|x86
		{F4CDBC64-A84A-41CD-A941-418B67578AF7}.DebugPipeline|Any CPU.ActiveCfg = Debug|x86
		{F4CDBC64-A84A-41CD-A941-418B67578AF7}.DebugPipeline|Any CPU.Build.0 = Debug|x86
		{F4CDBC64-A84A-41CD-A941-418B67578AF7}.DebugPipeline|Mixed Platforms.ActiveCfg = Debug|x86
		{F4CDBC64-A84A-41CD-A941-418B67578AF7}.DebugPipeline|Mixed Platforms.Build.0 = Debug|x86
		{F4CDBC64-A84A-41CD-A941-418B67578AF7}.DebugPipeline|x86.ActiveCfg = Debug|x86
		{F4CDBC64-A84A-41CD-A941-418B67578AF7}.DebugPipeline|x86.Build.0 = Debug|x86
		{F4CDBC64-A84A-41CD-A941-418B67578AF7}.DebugPipeline|Xbox 360.ActiveCfg = Debug|x86
		{F4CDBC64-A84A-41CD-A941-418B67578AF7}.DebugPipeline|Xbox 360.Build.0 = Debug|x86
		{F4CDBC64-A84A-41CD-A941-418B67578AF7}.PreRelease|Any CPU.ActiveCfg = Debug|x86
		{F4CDBC64-A84A-41CD-A941-418B67578AF7}.PreRelease|Any CPU.Build.0 = Debug|x86
		{F4CDBC64-A84A-41CD-A941-418B67578AF7}.PreRelease|Mixed Platforms.ActiveCfg = Debug|x86
		{F4CDBC64-A84A-41CD-A941-418B67578AF7}.PreRelease|Mixed Platforms.Build.0 = Debug|x86
		{F4CDBC64-A84A-41CD-A941-418B67578AF7}.PreRelease|x86.ActiveCfg = Debug|x86
		{F4CDBC64-A84A-41CD-A941-418B67578AF7}.PreRelease|x86.Build.0 = Debug|x86
		{F4CDBC64-A84A-41CD-A941-418B67578AF7}.PreRelease|Xbox 360.ActiveCfg = Debug|x86
		{F4CDBC64-A84A-41CD-A941-418B67578AF7}.PreRelease|Xbox 360.Build.0 = Debug|x86
		{F4CDBC64-A84A-41CD-A941-418B67578AF7}.Release|Any CPU.ActiveCfg = Debug|x86
		{F4CDBC64-A84A-41CD-A941-418B67578AF7}.Release|Any CPU.Build.0 = Debug|x86
		{F4CDBC64-A84A-41CD-A941-418B67578AF7}.Release|Mixed Platforms.ActiveCfg = Debug|x86
		{F4CDBC64-A84A-41CD-A941-418B67578AF7}.Release|Mixed Platforms.Build.0 = Debug|x86
		{F4CDBC64-A84A-41CD-A941-418B67578AF7}.Release|x86.ActiveCfg = Debug|x86
		{F4CDBC64-A84A-41CD-A941-418B67578AF7}.Release|x86.Build.0 = Debug|x86
		{F4CDBC64-A84A-41CD-A941-418B67578AF7}.Release|Xbox 360.ActiveCfg = Debug|x86
		{F4CDBC64-A84A-41CD-A941-418B67578AF7}.Release|Xbox 360.Build.0 = Debug|x86
		{A372E591-DFEF-49C4-9C82-98C4361EFCCD}.Debug|Any CPU.ActiveCfg = Debug|Any CPU
		{A372E591-DFEF-49C4-9C82-98C4361EFCCD}.Debug|Any CPU.Build.0 = Debug|Any CPU
		{A372E591-DFEF-49C4-9C82-98C4361EFCCD}.Debug|Mixed Platforms.ActiveCfg = Debug|x86
		{A372E591-DFEF-49C4-9C82-98C4361EFCCD}.Debug|Mixed Platforms.Build.0 = Debug|x86
		{A372E591-DFEF-49C4-9C82-98C4361EFCCD}.Debug|x86.ActiveCfg = Debug|x86
		{A372E591-DFEF-49C4-9C82-98C4361EFCCD}.Debug|x86.Build.0 = Debug|x86
		{A372E591-DFEF-49C4-9C82-98C4361EFCCD}.Debug|Xbox 360.ActiveCfg = Debug|Any CPU
		{A372E591-DFEF-49C4-9C82-98C4361EFCCD}.DebugPipeline|Any CPU.ActiveCfg = Debug - Unsafe MDCT|Any CPU
		{A372E591-DFEF-49C4-9C82-98C4361EFCCD}.DebugPipeline|Any CPU.Build.0 = Debug - Unsafe MDCT|Any CPU
		{A372E591-DFEF-49C4-9C82-98C4361EFCCD}.DebugPipeline|Mixed Platforms.ActiveCfg = Debug - Unsafe MDCT|Any CPU
		{A372E591-DFEF-49C4-9C82-98C4361EFCCD}.DebugPipeline|Mixed Platforms.Build.0 = Debug - Unsafe MDCT|Any CPU
		{A372E591-DFEF-49C4-9C82-98C4361EFCCD}.DebugPipeline|x86.ActiveCfg = Debug - Unsafe MDCT|x86
		{A372E591-DFEF-49C4-9C82-98C4361EFCCD}.DebugPipeline|Xbox 360.ActiveCfg = Debug - Unsafe MDCT|Any CPU
		{A372E591-DFEF-49C4-9C82-98C4361EFCCD}.PreRelease|Any CPU.ActiveCfg = Release|Any CPU
		{A372E591-DFEF-49C4-9C82-98C4361EFCCD}.PreRelease|Any CPU.Build.0 = Release|Any CPU
		{A372E591-DFEF-49C4-9C82-98C4361EFCCD}.PreRelease|Mixed Platforms.ActiveCfg = Release|x86
		{A372E591-DFEF-49C4-9C82-98C4361EFCCD}.PreRelease|Mixed Platforms.Build.0 = Release|x86
		{A372E591-DFEF-49C4-9C82-98C4361EFCCD}.PreRelease|x86.ActiveCfg = Release|x86
		{A372E591-DFEF-49C4-9C82-98C4361EFCCD}.PreRelease|Xbox 360.ActiveCfg = Release|Any CPU
		{A372E591-DFEF-49C4-9C82-98C4361EFCCD}.Release|Any CPU.ActiveCfg = Release|Any CPU
		{A372E591-DFEF-49C4-9C82-98C4361EFCCD}.Release|Any CPU.Build.0 = Release|Any CPU
		{A372E591-DFEF-49C4-9C82-98C4361EFCCD}.Release|Mixed Platforms.ActiveCfg = Release|x86
		{A372E591-DFEF-49C4-9C82-98C4361EFCCD}.Release|Mixed Platforms.Build.0 = Release|x86
		{A372E591-DFEF-49C4-9C82-98C4361EFCCD}.Release|x86.ActiveCfg = Release|x86
		{A372E591-DFEF-49C4-9C82-98C4361EFCCD}.Release|Xbox 360.ActiveCfg = Release|Any CPU
	EndGlobalSection
	GlobalSection(SolutionProperties) = preSolution
		HideSolutionNode = FALSE
	EndGlobalSection
	GlobalSection(ExtensibilityGlobals) = postSolution
		SolutionGuid = {6B8828ED-8D2C-486E-8A63-632F10F722F0}
	EndGlobalSection
EndGlobal
