
Microsoft Visual Studio Solution File, Format Version 12.00
# Visual Studio 2013
VisualStudioVersion = 12.0.21005.1
MinimumVisualStudioVersion = 10.0.40219.1
Project("{FAE04EC0-301F-11D3-BF4B-00C04F79EFBC}") = "TactileGame.MonoGame", "TactileGame\TactileGame\TactileGame.MonoGame.csproj", "{0EEDDACE-B5BB-4136-8283-29529A8A02BB}"
EndProject
Project("{FAE04EC0-301F-11D3-BF4B-00C04F79EFBC}") = "TactileLibrary.MonoGame", "TactileLibrary\TactileLibrary.MonoGame.csproj", "{9A516E53-B277-4A47-B2BF-BBD2E67D08FD}"
EndProject
Project("{FAE04EC0-301F-11D3-BF4B-00C04F79EFBC}") = "TactileConfig.MonoGame", "TactileConfig\TactileConfig.MonoGame.csproj", "{35A635FD-7621-4DB8-AEF1-DCAB317198C0}"
EndProject
Project("{FAE04EC0-301F-11D3-BF4B-00C04F79EFBC}") = "Tactile.MonoGame", "Tactile\Tactile.MonoGame.csproj", "{8B5FEEE2-ABF5-44F0-9431-000A1F61C8A8}"
EndProject
Project("{FAE04EC0-301F-11D3-BF4B-00C04F79EFBC}") = "NVorbis", "..\TactileSharedLibraries\NVorbis\NVorbis.csproj", "{A372E591-DFEF-49C4-9C82-98C4361EFCCD}"
EndProject
Project("{FAE04EC0-301F-11D3-BF4B-00C04F79EFBC}") = "MonoGame.Framework.WindowsGL", "..\TactileSharedLibraries\MonoGame-3.2 audio edit\MonoGame.Framework\MonoGame.Framework.WindowsGL.csproj", "{7DE47032-A904-4C29-BD22-2D235E8D91BA}"
EndProject
Project("{FAE04EC0-301F-11D3-BF4B-00C04F79EFBC}") = "Lidgren.Network.Windows", "..\TactileSharedLibraries\MonoGame-3.2 audio edit\ThirdParty\Lidgren.Network\Lidgren.Network.Windows.csproj", "{AE483C29-042E-4226-BA52-D247CE7676DA}"
EndProject
Global
	GlobalSection(SolutionConfigurationPlatforms) = preSolution
		Debug|Any CPU = Debug|Any CPU
		Debug|Mixed Platforms = Debug|Mixed Platforms
		Debug|x86 = Debug|x86
		Debug|Xbox 360 = Debug|Xbox 360
		DebugPipeline|Any CPU = DebugPipeline|Any CPU
		DebugPipeline|Mixed Platforms = DebugPipeline|Mixed Platforms
		DebugPipeline|x86 = DebugPipeline|x86
		DebugPipeline|Xbox 360 = DebugPipeline|Xbox 360
		Release|Any CPU = Release|Any CPU
		Release|Mixed Platforms = Release|Mixed Platforms
		Release|x86 = Release|x86
		Release|Xbox 360 = Release|Xbox 360
	EndGlobalSection
	GlobalSection(ProjectConfigurationPlatforms) = postSolution
		{0EEDDACE-B5BB-4136-8283-29529A8A02BB}.Debug|Any CPU.ActiveCfg = Debug|x86
		{0EEDDACE-B5BB-4136-8283-29529A8A02BB}.Debug|Any CPU.Build.0 = Debug|x86
		{0EEDDACE-B5BB-4136-8283-29529A8A02BB}.Debug|Mixed Platforms.ActiveCfg = Debug|x86
		{0EEDDACE-B5BB-4136-8283-29529A8A02BB}.Debug|Mixed Platforms.Build.0 = Debug|x86
		{0EEDDACE-B5BB-4136-8283-29529A8A02BB}.Debug|x86.ActiveCfg = Debug|x86
		{0EEDDACE-B5BB-4136-8283-29529A8A02BB}.Debug|x86.Build.0 = Debug|x86
		{0EEDDACE-B5BB-4136-8283-29529A8A02BB}.Debug|Xbox 360.ActiveCfg = Debug|x86
		{0EEDDACE-B5BB-4136-8283-29529A8A02BB}.Debug|Xbox 360.Build.0 = Debug|x86
		{0EEDDACE-B5BB-4136-8283-29529A8A02BB}.DebugPipeline|Any CPU.ActiveCfg = Debug|x86
		{0EEDDACE-B5BB-4136-8283-29529A8A02BB}.DebugPipeline|Mixed Platforms.ActiveCfg = Debug|x86
		{0EEDDACE-B5BB-4136-8283-29529A8A02BB}.DebugPipeline|Mixed Platforms.Build.0 = Debug|x86
		{0EEDDACE-B5BB-4136-8283-29529A8A02BB}.DebugPipeline|x86.ActiveCfg = Debug|x86
		{0EEDDACE-B5BB-4136-8283-29529A8A02BB}.DebugPipeline|Xbox 360.ActiveCfg = Debug|x86
		{0EEDDACE-B5BB-4136-8283-29529A8A02BB}.Release|Any CPU.ActiveCfg = Release|x86
		{0EEDDACE-B5BB-4136-8283-29529A8A02BB}.Release|Any CPU.Build.0 = Release|x86
		{0EEDDACE-B5BB-4136-8283-29529A8A02BB}.Release|Mixed Platforms.ActiveCfg = Release|x86
		{0EEDDACE-B5BB-4136-8283-29529A8A02BB}.Release|Mixed Platforms.Build.0 = Release|x86
		{0EEDDACE-B5BB-4136-8283-29529A8A02BB}.Release|x86.ActiveCfg = Release|x86
		{0EEDDACE-B5BB-4136-8283-29529A8A02BB}.Release|x86.Build.0 = Release|x86
		{0EEDDACE-B5BB-4136-8283-29529A8A02BB}.Release|Xbox 360.ActiveCfg = Release|x86
		{0EEDDACE-B5BB-4136-8283-29529A8A02BB}.Release|Xbox 360.Build.0 = Release|x86
		{9A516E53-B277-4A47-B2BF-BBD2E67D08FD}.Debug|Any CPU.ActiveCfg = Debug|x86
		{9A516E53-B277-4A47-B2BF-BBD2E67D08FD}.Debug|Any CPU.Build.0 = Debug|x86
		{9A516E53-B277-4A47-B2BF-BBD2E67D08FD}.Debug|Mixed Platforms.ActiveCfg = Debug|x86
		{9A516E53-B277-4A47-B2BF-BBD2E67D08FD}.Debug|Mixed Platforms.Build.0 = Debug|x86
		{9A516E53-B277-4A47-B2BF-BBD2E67D08FD}.Debug|x86.ActiveCfg = Debug|x86
		{9A516E53-B277-4A47-B2BF-BBD2E67D08FD}.Debug|x86.Build.0 = Debug|x86
		{9A516E53-B277-4A47-B2BF-BBD2E67D08FD}.Debug|Xbox 360.ActiveCfg = Debug|x86
		{9A516E53-B277-4A47-B2BF-BBD2E67D08FD}.DebugPipeline|Any CPU.ActiveCfg = Debug|x86
		{9A516E53-B277-4A47-B2BF-BBD2E67D08FD}.DebugPipeline|Mixed Platforms.ActiveCfg = Debug|x86
		{9A516E53-B277-4A47-B2BF-BBD2E67D08FD}.DebugPipeline|Mixed Platforms.Build.0 = Debug|x86
		{9A516E53-B277-4A47-B2BF-BBD2E67D08FD}.DebugPipeline|x86.ActiveCfg = Debug|x86
		{9A516E53-B277-4A47-B2BF-BBD2E67D08FD}.DebugPipeline|x86.Build.0 = Debug|x86
		{9A516E53-B277-4A47-B2BF-BBD2E67D08FD}.DebugPipeline|Xbox 360.ActiveCfg = Debug|x86
		{9A516E53-B277-4A47-B2BF-BBD2E67D08FD}.Release|Any CPU.ActiveCfg = Release|x86
		{9A516E53-B277-4A47-B2BF-BBD2E67D08FD}.Release|Any CPU.Build.0 = Release|x86
		{9A516E53-B277-4A47-B2BF-BBD2E67D08FD}.Release|Mixed Platforms.ActiveCfg = Release|x86
		{9A516E53-B277-4A47-B2BF-BBD2E67D08FD}.Release|Mixed Platforms.Build.0 = Release|x86
		{9A516E53-B277-4A47-B2BF-BBD2E67D08FD}.Release|x86.ActiveCfg = Release|x86
		{9A516E53-B277-4A47-B2BF-BBD2E67D08FD}.Release|x86.Build.0 = Release|x86
		{9A516E53-B277-4A47-B2BF-BBD2E67D08FD}.Release|Xbox 360.ActiveCfg = Release|x86
		{35A635FD-7621-4DB8-AEF1-DCAB317198C0}.Debug|Any CPU.ActiveCfg = Debug|x86
		{35A635FD-7621-4DB8-AEF1-DCAB317198C0}.Debug|Any CPU.Build.0 = Debug|x86
		{35A635FD-7621-4DB8-AEF1-DCAB317198C0}.Debug|Mixed Platforms.ActiveCfg = Debug|x86
		{35A635FD-7621-4DB8-AEF1-DCAB317198C0}.Debug|Mixed Platforms.Build.0 = Debug|x86
		{35A635FD-7621-4DB8-AEF1-DCAB317198C0}.Debug|x86.ActiveCfg = Debug|x86
		{35A635FD-7621-4DB8-AEF1-DCAB317198C0}.Debug|x86.Build.0 = Debug|x86
		{35A635FD-7621-4DB8-AEF1-DCAB317198C0}.Debug|Xbox 360.ActiveCfg = Debug|x86
		{35A635FD-7621-4DB8-AEF1-DCAB317198C0}.DebugPipeline|Any CPU.ActiveCfg = Debug|x86
		{35A635FD-7621-4DB8-AEF1-DCAB317198C0}.DebugPipeline|Mixed Platforms.ActiveCfg = Debug|x86
		{35A635FD-7621-4DB8-AEF1-DCAB317198C0}.DebugPipeline|Mixed Platforms.Build.0 = Debug|x86
		{35A635FD-7621-4DB8-AEF1-DCAB317198C0}.DebugPipeline|x86.ActiveCfg = Debug|x86
		{35A635FD-7621-4DB8-AEF1-DCAB317198C0}.DebugPipeline|x86.Build.0 = Debug|x86
		{35A635FD-7621-4DB8-AEF1-DCAB317198C0}.DebugPipeline|Xbox 360.ActiveCfg = Debug|x86
		{35A635FD-7621-4DB8-AEF1-DCAB317198C0}.Release|Any CPU.ActiveCfg = Release|x86
		{35A635FD-7621-4DB8-AEF1-DCAB317198C0}.Release|Any CPU.Build.0 = Release|x86
		{35A635FD-7621-4DB8-AEF1-DCAB317198C0}.Release|Mixed Platforms.ActiveCfg = Release|x86
		{35A635FD-7621-4DB8-AEF1-DCAB317198C0}.Release|Mixed Platforms.Build.0 = Release|x86
		{35A635FD-7621-4DB8-AEF1-DCAB317198C0}.Release|x86.ActiveCfg = Release|x86
		{35A635FD-7621-4DB8-AEF1-DCAB317198C0}.Release|x86.Build.0 = Release|x86
		{35A635FD-7621-4DB8-AEF1-DCAB317198C0}.Release|Xbox 360.ActiveCfg = Release|x86
		{8B5FEEE2-ABF5-44F0-9431-000A1F61C8A8}.Debug|Any CPU.ActiveCfg = Debug|x86
		{8B5FEEE2-ABF5-44F0-9431-000A1F61C8A8}.Debug|Any CPU.Build.0 = Debug|x86
		{8B5FEEE2-ABF5-44F0-9431-000A1F61C8A8}.Debug|Mixed Platforms.ActiveCfg = Debug|x86
		{8B5FEEE2-ABF5-44F0-9431-000A1F61C8A8}.Debug|Mixed Platforms.Build.0 = Debug|x86
		{8B5FEEE2-ABF5-44F0-9431-000A1F61C8A8}.Debug|x86.ActiveCfg = Debug|x86
		{8B5FEEE2-ABF5-44F0-9431-000A1F61C8A8}.Debug|x86.Build.0 = Debug|x86
		{8B5FEEE2-ABF5-44F0-9431-000A1F61C8A8}.Debug|Xbox 360.ActiveCfg = Debug|x86
		{8B5FEEE2-ABF5-44F0-9431-000A1F61C8A8}.DebugPipeline|Any CPU.ActiveCfg = Debug|x86
		{8B5FEEE2-ABF5-44F0-9431-000A1F61C8A8}.DebugPipeline|Mixed Platforms.ActiveCfg = Debug|x86
		{8B5FEEE2-ABF5-44F0-9431-000A1F61C8A8}.DebugPipeline|Mixed Platforms.Build.0 = Debug|x86
		{8B5FEEE2-ABF5-44F0-9431-000A1F61C8A8}.DebugPipeline|x86.ActiveCfg = Debug|x86
		{8B5FEEE2-ABF5-44F0-9431-000A1F61C8A8}.DebugPipeline|x86.Build.0 = Debug|x86
		{8B5FEEE2-ABF5-44F0-9431-000A1F61C8A8}.DebugPipeline|Xbox 360.ActiveCfg = Debug|x86
		{8B5FEEE2-ABF5-44F0-9431-000A1F61C8A8}.Release|Any CPU.ActiveCfg = Release|x86
		{8B5FEEE2-ABF5-44F0-9431-000A1F61C8A8}.Release|Any CPU.Build.0 = Release|x86
		{8B5FEEE2-ABF5-44F0-9431-000A1F61C8A8}.Release|Mixed Platforms.ActiveCfg = Release|x86
		{8B5FEEE2-ABF5-44F0-9431-000A1F61C8A8}.Release|Mixed Platforms.Build.0 = Release|x86
		{8B5FEEE2-ABF5-44F0-9431-000A1F61C8A8}.Release|x86.ActiveCfg = Release|x86
		{8B5FEEE2-ABF5-44F0-9431-000A1F61C8A8}.Release|x86.Build.0 = Release|x86
		{8B5FEEE2-ABF5-44F0-9431-000A1F61C8A8}.Release|Xbox 360.ActiveCfg = Release|x86
		{A372E591-DFEF-49C4-9C82-98C4361EFCCD}.Debug|Any CPU.ActiveCfg = Debug|Any CPU
		{A372E591-DFEF-49C4-9C82-98C4361EFCCD}.Debug|Any CPU.Build.0 = Debug|Any CPU
		{A372E591-DFEF-49C4-9C82-98C4361EFCCD}.Debug|Mixed Platforms.ActiveCfg = Debug|x86
		{A372E591-DFEF-49C4-9C82-98C4361EFCCD}.Debug|Mixed Platforms.Build.0 = Debug|x86
		{A372E591-DFEF-49C4-9C82-98C4361EFCCD}.Debug|x86.ActiveCfg = Debug|Any CPU
		{A372E591-DFEF-49C4-9C82-98C4361EFCCD}.Debug|x86.Build.0 = Debug|Any CPU
		{A372E591-DFEF-49C4-9C82-98C4361EFCCD}.Debug|Xbox 360.ActiveCfg = Debug|Any CPU
		{A372E591-DFEF-49C4-9C82-98C4361EFCCD}.DebugPipeline|Any CPU.ActiveCfg = Debug - Unsafe MDCT|Any CPU
		{A372E591-DFEF-49C4-9C82-98C4361EFCCD}.DebugPipeline|Any CPU.Build.0 = Debug - Unsafe MDCT|Any CPU
		{A372E591-DFEF-49C4-9C82-98C4361EFCCD}.DebugPipeline|Mixed Platforms.ActiveCfg = Debug - Unsafe MDCT|Any CPU
		{A372E591-DFEF-49C4-9C82-98C4361EFCCD}.DebugPipeline|Mixed Platforms.Build.0 = Debug - Unsafe MDCT|Any CPU
		{A372E591-DFEF-49C4-9C82-98C4361EFCCD}.DebugPipeline|x86.ActiveCfg = Debug - Unsafe MDCT|Any CPU
		{A372E591-DFEF-49C4-9C82-98C4361EFCCD}.DebugPipeline|Xbox 360.ActiveCfg = Debug - Unsafe MDCT|Any CPU
		{A372E591-DFEF-49C4-9C82-98C4361EFCCD}.Release|Any CPU.ActiveCfg = Release|Any CPU
		{A372E591-DFEF-49C4-9C82-98C4361EFCCD}.Release|Any CPU.Build.0 = Release|Any CPU
		{A372E591-DFEF-49C4-9C82-98C4361EFCCD}.Release|Mixed Platforms.ActiveCfg = Release|x86
		{A372E591-DFEF-49C4-9C82-98C4361EFCCD}.Release|Mixed Platforms.Build.0 = Release|x86
		{A372E591-DFEF-49C4-9C82-98C4361EFCCD}.Release|x86.ActiveCfg = Release|Any CPU
		{A372E591-DFEF-49C4-9C82-98C4361EFCCD}.Release|Xbox 360.ActiveCfg = Release|Any CPU
		{7DE47032-A904-4C29-BD22-2D235E8D91BA}.Debug|Any CPU.ActiveCfg = Debug|Any CPU
		{7DE47032-A904-4C29-BD22-2D235E8D91BA}.Debug|Any CPU.Build.0 = Debug|Any CPU
		{7DE47032-A904-4C29-BD22-2D235E8D91BA}.Debug|Mixed Platforms.ActiveCfg = Debug|x86
		{7DE47032-A904-4C29-BD22-2D235E8D91BA}.Debug|Mixed Platforms.Build.0 = Debug|x86
		{7DE47032-A904-4C29-BD22-2D235E8D91BA}.Debug|x86.ActiveCfg = Debug|x86
		{7DE47032-A904-4C29-BD22-2D235E8D91BA}.Debug|x86.Build.0 = Debug|x86
		{7DE47032-A904-4C29-BD22-2D235E8D91BA}.Debug|Xbox 360.ActiveCfg = Debug|Any CPU
		{7DE47032-A904-4C29-BD22-2D235E8D91BA}.DebugPipeline|Any CPU.ActiveCfg = Debug|Any CPU
		{7DE47032-A904-4C29-BD22-2D235E8D91BA}.DebugPipeline|Any CPU.Build.0 = Debug|Any CPU
		{7DE47032-A904-4C29-BD22-2D235E8D91BA}.DebugPipeline|Mixed Platforms.ActiveCfg = Debug|x86
		{7DE47032-A904-4C29-BD22-2D235E8D91BA}.DebugPipeline|Mixed Platforms.Build.0 = Debug|x86
		{7DE47032-A904-4C29-BD22-2D235E8D91BA}.DebugPipeline|x86.ActiveCfg = Debug|x86
		{7DE47032-A904-4C29-BD22-2D235E8D91BA}.DebugPipeline|x86.Build.0 = Debug|x86
		{7DE47032-A904-4C29-BD22-2D235E8D91BA}.DebugPipeline|Xbox 360.ActiveCfg = Debug|Any CPU
		{7DE47032-A904-4C29-BD22-2D235E8D91BA}.Release|Any CPU.ActiveCfg = Release|Any CPU
		{7DE47032-A904-4C29-BD22-2D235E8D91BA}.Release|Any CPU.Build.0 = Release|Any CPU
		{7DE47032-A904-4C29-BD22-2D235E8D91BA}.Release|Mixed Platforms.ActiveCfg = Release|x86
		{7DE47032-A904-4C29-BD22-2D235E8D91BA}.Release|Mixed Platforms.Build.0 = Release|x86
		{7DE47032-A904-4C29-BD22-2D235E8D91BA}.Release|x86.ActiveCfg = Release|x86
		{7DE47032-A904-4C29-BD22-2D235E8D91BA}.Release|x86.Build.0 = Release|x86
		{7DE47032-A904-4C29-BD22-2D235E8D91BA}.Release|Xbox 360.ActiveCfg = Release|Any CPU
		{AE483C29-042E-4226-BA52-D247CE7676DA}.Debug|Any CPU.ActiveCfg = Debug|Any CPU
		{AE483C29-042E-4226-BA52-D247CE7676DA}.Debug|Any CPU.Build.0 = Debug|Any CPU
		{AE483C29-042E-4226-BA52-D247CE7676DA}.Debug|Mixed Platforms.ActiveCfg = Debug|Any CPU
		{AE483C29-042E-4226-BA52-D247CE7676DA}.Debug|Mixed Platforms.Build.0 = Debug|Any CPU
		{AE483C29-042E-4226-BA52-D247CE7676DA}.Debug|x86.ActiveCfg = Debug|Any CPU
		{AE483C29-042E-4226-BA52-D247CE7676DA}.Debug|Xbox 360.ActiveCfg = Debug|Any CPU
		{AE483C29-042E-4226-BA52-D247CE7676DA}.DebugPipeline|Any CPU.ActiveCfg = Debug|Any CPU
		{AE483C29-042E-4226-BA52-D247CE7676DA}.DebugPipeline|Any CPU.Build.0 = Debug|Any CPU
		{AE483C29-042E-4226-BA52-D247CE7676DA}.DebugPipeline|Mixed Platforms.ActiveCfg = Debug|Any CPU
		{AE483C29-042E-4226-BA52-D247CE7676DA}.DebugPipeline|Mixed Platforms.Build.0 = Debug|Any CPU
		{AE483C29-042E-4226-BA52-D247CE7676DA}.DebugPipeline|x86.ActiveCfg = Debug|Any CPU
		{AE483C29-042E-4226-BA52-D247CE7676DA}.DebugPipeline|Xbox 360.ActiveCfg = Debug|Any CPU
		{AE483C29-042E-4226-BA52-D247CE7676DA}.Release|Any CPU.ActiveCfg = Release|Any CPU
		{AE483C29-042E-4226-BA52-D247CE7676DA}.Release|Any CPU.Build.0 = Release|Any CPU
		{AE483C29-042E-4226-BA52-D247CE7676DA}.Release|Mixed Platforms.ActiveCfg = Release|Any CPU
		{AE483C29-042E-4226-BA52-D247CE7676DA}.Release|Mixed Platforms.Build.0 = Release|Any CPU
		{AE483C29-042E-4226-BA52-D247CE7676DA}.Release|x86.ActiveCfg = Release|Any CPU
		{AE483C29-042E-4226-BA52-D247CE7676DA}.Release|Xbox 360.ActiveCfg = Release|Any CPU
	EndGlobalSection
	GlobalSection(SolutionProperties) = preSolution
		HideSolutionNode = FALSE
	EndGlobalSection
EndGlobal
